
Microsoft Visual Studio Solution File, Format Version 12.00
# Visual Studio Version 17
VisualStudioVersion = 17.5.33516.290
MinimumVisualStudioVersion = 10.0.40219.1
Project("{9A19103F-16F7-4668-BE54-9A1E7A4F7556}") = "lab12lib", "lab12lib.csproj", "{D9302C64-824E-4CEC-B5C2-E299CE5328C1}"
EndProject
Global
	GlobalSection(SolutionConfigurationPlatforms) = preSolution
		Debug|Any CPU = Debug|Any CPU
		Release|Any CPU = Release|Any CPU
	EndGlobalSection
	GlobalSection(ProjectConfigurationPlatforms) = postSolution
		{D9302C64-824E-4CEC-B5C2-E299CE5328C1}.Debug|Any CPU.ActiveCfg = Debug|Any CPU
		{D9302C64-824E-4CEC-B5C2-E299CE5328C1}.Debug|Any CPU.Build.0 = Debug|Any CPU
		{D9302C64-824E-4CEC-B5C2-E299CE5328C1}.Release|Any CPU.ActiveCfg = Release|Any CPU
		{D9302C64-824E-4CEC-B5C2-E299CE5328C1}.Release|Any CPU.Build.0 = Release|Any CPU
	EndGlobalSection
	GlobalSection(SolutionProperties) = preSolution
		HideSolutionNode = FALSE
	EndGlobalSection
	GlobalSection(ExtensibilityGlobals) = postSolution
		SolutionGuid = {1FEF2C3C-1FB4-4108-9995-0C77F09DE479}
	EndGlobalSection
EndGlobal
